
Microsoft Visual Studio Solution File, Format Version 12.00
# Blend for Visual Studio 15
VisualStudioVersion = 15.0.28307.572
MinimumVisualStudioVersion = 10.0.40219.1
Project("{FAE04EC0-301F-11D3-BF4B-00C04F79EFBC}") = "WpfApp1Blend", "WpfApp1Blend\WpfApp1Blend.csproj", "{6903FAA4-3C16-4B3F-977E-8368C8A4B721}"
EndProject
Global
	GlobalSection(SolutionConfigurationPlatforms) = preSolution
		Debug|Any CPU = Debug|Any CPU
		Release|Any CPU = Release|Any CPU
	EndGlobalSection
	GlobalSection(ProjectConfigurationPlatforms) = postSolution
		{6903FAA4-3C16-4B3F-977E-8368C8A4B721}.Debug|Any CPU.ActiveCfg = Debug|Any CPU
		{6903FAA4-3C16-4B3F-977E-8368C8A4B721}.Debug|Any CPU.Build.0 = Debug|Any CPU
		{6903FAA4-3C16-4B3F-977E-8368C8A4B721}.Release|Any CPU.ActiveCfg = Release|Any CPU
		{6903FAA4-3C16-4B3F-977E-8368C8A4B721}.Release|Any CPU.Build.0 = Release|Any CPU
	EndGlobalSection
	GlobalSection(SolutionProperties) = preSolution
		HideSolutionNode = FALSE
	EndGlobalSection
	GlobalSection(ExtensibilityGlobals) = postSolution
		SolutionGuid = {38CCCAE9-6378-4392-B739-5C80863A3170}
	EndGlobalSection
EndGlobal
